
Microsoft Visual Studio Solution File, Format Version 12.00
# Visual Studio Version 18
VisualStudioVersion = 18.6.11828.311 oobstable
MinimumVisualStudioVersion = 10.0.40219.1
Project("{FAE04EC0-301F-11D3-BF4B-00C04F79EFBC}") = "AutoUchet.Api", "AutoUchet.Api.csproj", "{EA991032-1BB3-4B71-9296-9CF1574DF042}"
EndProject
Global
	GlobalSection(SolutionConfigurationPlatforms) = preSolution
		Debug|Any CPU = Debug|Any CPU
		Release|Any CPU = Release|Any CPU
	EndGlobalSection
	GlobalSection(ProjectConfigurationPlatforms) = postSolution
		{EA991032-1BB3-4B71-9296-9CF1574DF042}.Debug|Any CPU.ActiveCfg = Debug|Any CPU
		{EA991032-1BB3-4B71-9296-9CF1574DF042}.Debug|Any CPU.Build.0 = Debug|Any CPU
		{EA991032-1BB3-4B71-9296-9CF1574DF042}.Release|Any CPU.ActiveCfg = Release|Any CPU
		{EA991032-1BB3-4B71-9296-9CF1574DF042}.Release|Any CPU.Build.0 = Release|Any CPU
	EndGlobalSection
	GlobalSection(SolutionProperties) = preSolution
		HideSolutionNode = FALSE
	EndGlobalSection
	GlobalSection(ExtensibilityGlobals) = postSolution
		SolutionGuid = {10F9F3BF-FC97-4D70-B5AD-284B948C4213}
	EndGlobalSection
EndGlobal
